
Microsoft Visual Studio Solution File, Format Version 12.00
# Visual Studio 15
VisualStudioVersion = 15.0.28307.902
MinimumVisualStudioVersion = 10.0.40219.1
Project("{FAE04EC0-301F-11D3-BF4B-00C04F79EFBC}") = "MessManagementSystem", "MessManagementSystem\MessManagementSystem.csproj", "{517E9493-A594-4B9B-96CE-BFC5A6331E71}"
EndProject
Global
	GlobalSection(SolutionConfigurationPlatforms) = preSolution
		Debug|Any CPU = Debug|Any CPU
		Release|Any CPU = Release|Any CPU
	EndGlobalSection
	GlobalSection(ProjectConfigurationPlatforms) = postSolution
		{517E9493-A594-4B9B-96CE-BFC5A6331E71}.Debug|Any CPU.ActiveCfg = Debug|Any CPU
		{517E9493-A594-4B9B-96CE-BFC5A6331E71}.Debug|Any CPU.Build.0 = Debug|Any CPU
		{517E9493-A594-4B9B-96CE-BFC5A6331E71}.Release|Any CPU.ActiveCfg = Release|Any CPU
		{517E9493-A594-4B9B-96CE-BFC5A6331E71}.Release|Any CPU.Build.0 = Release|Any CPU
	EndGlobalSection
	GlobalSection(SolutionProperties) = preSolution
		HideSolutionNode = FALSE
	EndGlobalSection
	GlobalSection(ExtensibilityGlobals) = postSolution
		SolutionGuid = {EE40797C-BC27-4197-B32C-AE769BE35496}
	EndGlobalSection
EndGlobal
